
Microsoft Visual Studio Solution File, Format Version 12.00
# Visual Studio Version 17
VisualStudioVersion = 17.0.31903.59
MinimumVisualStudioVersion = 10.0.40219.1
Project("{2150E333-8FDC-42A3-9474-1A3956D46DE8}") = "src", "src", "{827E0CD3-B72D-47B6-A68D-7590B98EB39B}"
EndProject
Project("{FAE04EC0-301F-11D3-BF4B-00C04F79EFBC}") = "Trading.AI", "src\Trading.AI\Trading.AI.csproj", "{8B3285A3-797F-4E05-B947-4EB02476FCC1}"
EndProject
Project("{FAE04EC0-301F-11D3-BF4B-00C04F79EFBC}") = "Trading.Application", "src\Trading.Application\Trading.Application.csproj", "{3982199F-AA73-45B2-83DF-BBF49B68B27D}"
EndProject
Project("{FAE04EC0-301F-11D3-BF4B-00C04F79EFBC}") = "Trading.Domain", "src\Trading.Domain\Trading.Domain.csproj", "{DF2D5933-A96F-4A62-9966-21DD54F0EE80}"
EndProject
Project("{FAE04EC0-301F-11D3-BF4B-00C04F79EFBC}") = "Trading.Api", "src\Trading.Api\Trading.Api.csproj", "{E46E55AC-C697-458D-BFF2-1C054C711972}"
EndProject
Project("{FAE04EC0-301F-11D3-BF4B-00C04F79EFBC}") = "Trading.Infrastructure", "src\Trading.Infrastructure\Trading.Infrastructure.csproj", "{EB58DFE6-712E-4C13-A364-F14A23BDC90D}"
EndProject
Project("{FAE04EC0-301F-11D3-BF4B-00C04F79EFBC}") = "Trading.MarketData", "src\Trading.MarketData\Trading.MarketData.csproj", "{8247A528-11EE-4DC0-AC44-5C20C25AD371}"
EndProject
Project("{FAE04EC0-301F-11D3-BF4B-00C04F79EFBC}") = "Trading.Strategies", "src\Trading.Strategies\Trading.Strategies.csproj", "{E85576FB-B004-4EF1-86FC-6EAFB4609B3F}"
EndProject
Project("{FAE04EC0-301F-11D3-BF4B-00C04F79EFBC}") = "Trading.Backtesting", "src\Trading.Backtesting\Trading.Backtesting.csproj", "{660CBDD3-0CBC-4652-96C8-5A139D070965}"
EndProject
Project("{FAE04EC0-301F-11D3-BF4B-00C04F79EFBC}") = "Trading.Risk", "src\Trading.Risk\Trading.Risk.csproj", "{41B8EE4A-BAB0-44CF-AE53-918D1CF61600}"
EndProject
Project("{FAE04EC0-301F-11D3-BF4B-00C04F79EFBC}") = "Trading.Execution", "src\Trading.Execution\Trading.Execution.csproj", "{F3CA977D-3D77-4F8C-BD99-0A77BBD06AA0}"
EndProject
Project("{FAE04EC0-301F-11D3-BF4B-00C04F79EFBC}") = "Trading.Web", "src\Trading.Web\Trading.Web.csproj", "{CF1617DE-1177-4030-A860-82F4E8AD1193}"
EndProject
Project("{2150E333-8FDC-42A3-9474-1A3956D46DE8}") = "tests", "tests", "{0AB3BF05-4346-4AA6-1389-037BE0695223}"
EndProject
Project("{FAE04EC0-301F-11D3-BF4B-00C04F79EFBC}") = "Trading.BacktestTests", "tests\Trading.BacktestTests\Trading.BacktestTests.csproj", "{8E50631C-BF3F-4D51-A08B-EF741D1D81B1}"
EndProject
Project("{FAE04EC0-301F-11D3-BF4B-00C04F79EFBC}") = "Trading.IntegrationTests", "tests\Trading.IntegrationTests\Trading.IntegrationTests.csproj", "{A1EE18E4-2A15-4B50-B3FF-04083C22681E}"
EndProject
Project("{FAE04EC0-301F-11D3-BF4B-00C04F79EFBC}") = "Trading.StrategyValidationTests", "tests\Trading.StrategyValidationTests\Trading.StrategyValidationTests.csproj", "{BDE846CB-2B1C-43FF-AB36-F3FC952BA4B1}"
EndProject
Project("{FAE04EC0-301F-11D3-BF4B-00C04F79EFBC}") = "Trading.UnitTests", "tests\Trading.UnitTests\Trading.UnitTests.csproj", "{F3A257BA-A9E3-41BC-B0B7-E13949BFB527}"
EndProject
Global
	GlobalSection(SolutionConfigurationPlatforms) = preSolution
		Debug|Any CPU = Debug|Any CPU
		Debug|x64 = Debug|x64
		Debug|x86 = Debug|x86
		Release|Any CPU = Release|Any CPU
		Release|x64 = Release|x64
		Release|x86 = Release|x86
	EndGlobalSection
	GlobalSection(ProjectConfigurationPlatforms) = postSolution
		{8B3285A3-797F-4E05-B947-4EB02476FCC1}.Debug|Any CPU.ActiveCfg = Debug|Any CPU
		{8B3285A3-797F-4E05-B947-4EB02476FCC1}.Debug|Any CPU.Build.0 = Debug|Any CPU
		{8B3285A3-797F-4E05-B947-4EB02476FCC1}.Debug|x64.ActiveCfg = Debug|Any CPU
		{8B3285A3-797F-4E05-B947-4EB02476FCC1}.Debug|x64.Build.0 = Debug|Any CPU
		{8B3285A3-797F-4E05-B947-4EB02476FCC1}.Debug|x86.ActiveCfg = Debug|Any CPU
		{8B3285A3-797F-4E05-B947-4EB02476FCC1}.Debug|x86.Build.0 = Debug|Any CPU
		{8B3285A3-797F-4E05-B947-4EB02476FCC1}.Release|Any CPU.ActiveCfg = Release|Any CPU
		{8B3285A3-797F-4E05-B947-4EB02476FCC1}.Release|Any CPU.Build.0 = Release|Any CPU
		{8B3285A3-797F-4E05-B947-4EB02476FCC1}.Release|x64.ActiveCfg = Release|Any CPU
		{8B3285A3-797F-4E05-B947-4EB02476FCC1}.Release|x64.Build.0 = Release|Any CPU
		{8B3285A3-797F-4E05-B947-4EB02476FCC1}.Release|x86.ActiveCfg = Release|Any CPU
		{8B3285A3-797F-4E05-B947-4EB02476FCC1}.Release|x86.Build.0 = Release|Any CPU
		{3982199F-AA73-45B2-83DF-BBF49B68B27D}.Debug|Any CPU.ActiveCfg = Debug|Any CPU
		{3982199F-AA73-45B2-83DF-BBF49B68B27D}.Debug|Any CPU.Build.0 = Debug|Any CPU
		{3982199F-AA73-45B2-83DF-BBF49B68B27D}.Debug|x64.ActiveCfg = Debug|Any CPU
		{3982199F-AA73-45B2-83DF-BBF49B68B27D}.Debug|x64.Build.0 = Debug|Any CPU
		{3982199F-AA73-45B2-83DF-BBF49B68B27D}.Debug|x86.ActiveCfg = Debug|Any CPU
		{3982199F-AA73-45B2-83DF-BBF49B68B27D}.Debug|x86.Build.0 = Debug|Any CPU
		{3982199F-AA73-45B2-83DF-BBF49B68B27D}.Release|Any CPU.ActiveCfg = Release|Any CPU
		{3982199F-AA73-45B2-83DF-BBF49B68B27D}.Release|Any CPU.Build.0 = Release|Any CPU
		{3982199F-AA73-45B2-83DF-BBF49B68B27D}.Release|x64.ActiveCfg = Release|Any CPU
		{3982199F-AA73-45B2-83DF-BBF49B68B27D}.Release|x64.Build.0 = Release|Any CPU
		{3982199F-AA73-45B2-83DF-BBF49B68B27D}.Release|x86.ActiveCfg = Release|Any CPU
		{3982199F-AA73-45B2-83DF-BBF49B68B27D}.Release|x86.Build.0 = Release|Any CPU
		{DF2D5933-A96F-4A62-9966-21DD54F0EE80}.Debug|Any CPU.ActiveCfg = Debug|Any CPU
		{DF2D5933-A96F-4A62-9966-21DD54F0EE80}.Debug|Any CPU.Build.0 = Debug|Any CPU
		{DF2D5933-A96F-4A62-9966-21DD54F0EE80}.Debug|x64.ActiveCfg = Debug|Any CPU
		{DF2D5933-A96F-4A62-9966-21DD54F0EE80}.Debug|x64.Build.0 = Debug|Any CPU
		{DF2D5933-A96F-4A62-9966-21DD54F0EE80}.Debug|x86.ActiveCfg = Debug|Any CPU
		{DF2D5933-A96F-4A62-9966-21DD54F0EE80}.Debug|x86.Build.0 = Debug|Any CPU
		{DF2D5933-A96F-4A62-9966-21DD54F0EE80}.Release|Any CPU.ActiveCfg = Release|Any CPU
		{DF2D5933-A96F-4A62-9966-21DD54F0EE80}.Release|Any CPU.Build.0 = Release|Any CPU
		{DF2D5933-A96F-4A62-9966-21DD54F0EE80}.Release|x64.ActiveCfg = Release|Any CPU
		{DF2D5933-A96F-4A62-9966-21DD54F0EE80}.Release|x64.Build.0 = Release|Any CPU
		{DF2D5933-A96F-4A62-9966-21DD54F0EE80}.Release|x86.ActiveCfg = Release|Any CPU
		{DF2D5933-A96F-4A62-9966-21DD54F0EE80}.Release|x86.Build.0 = Release|Any CPU
		{E46E55AC-C697-458D-BFF2-1C054C711972}.Debug|Any CPU.ActiveCfg = Debug|Any CPU
		{E46E55AC-C697-458D-BFF2-1C054C711972}.Debug|Any CPU.Build.0 = Debug|Any CPU
		{E46E55AC-C697-458D-BFF2-1C054C711972}.Debug|x64.ActiveCfg = Debug|Any CPU
		{E46E55AC-C697-458D-BFF2-1C054C711972}.Debug|x64.Build.0 = Debug|Any CPU
		{E46E55AC-C697-458D-BFF2-1C054C711972}.Debug|x86.ActiveCfg = Debug|Any CPU
		{E46E55AC-C697-458D-BFF2-1C054C711972}.Debug|x86.Build.0 = Debug|Any CPU
		{E46E55AC-C697-458D-BFF2-1C054C711972}.Release|Any CPU.ActiveCfg = Release|Any CPU
		{E46E55AC-C697-458D-BFF2-1C054C711972}.Release|Any CPU.Build.0 = Release|Any CPU
		{E46E55AC-C697-458D-BFF2-1C054C711972}.Release|x64.ActiveCfg = Release|Any CPU
		{E46E55AC-C697-458D-BFF2-1C054C711972}.Release|x64.Build.0 = Release|Any CPU
		{E46E55AC-C697-458D-BFF2-1C054C711972}.Release|x86.ActiveCfg = Release|Any CPU
		{E46E55AC-C697-458D-BFF2-1C054C711972}.Release|x86.Build.0 = Release|Any CPU
		{EB58DFE6-712E-4C13-A364-F14A23BDC90D}.Debug|Any CPU.ActiveCfg = Debug|Any CPU
		{EB58DFE6-712E-4C13-A364-F14A23BDC90D}.Debug|Any CPU.Build.0 = Debug|Any CPU
		{EB58DFE6-712E-4C13-A364-F14A23BDC90D}.Debug|x64.ActiveCfg = Debug|Any CPU
		{EB58DFE6-712E-4C13-A364-F14A23BDC90D}.Debug|x64.Build.0 = Debug|Any CPU
		{EB58DFE6-712E-4C13-A364-F14A23BDC90D}.Debug|x86.ActiveCfg = Debug|Any CPU
		{EB58DFE6-712E-4C13-A364-F14A23BDC90D}.Debug|x86.Build.0 = Debug|Any CPU
		{EB58DFE6-712E-4C13-A364-F14A23BDC90D}.Release|Any CPU.ActiveCfg = Release|Any CPU
		{EB58DFE6-712E-4C13-A364-F14A23BDC90D}.Release|Any CPU.Build.0 = Release|Any CPU
		{EB58DFE6-712E-4C13-A364-F14A23BDC90D}.Release|x64.ActiveCfg = Release|Any CPU
		{EB58DFE6-712E-4C13-A364-F14A23BDC90D}.Release|x64.Build.0 = Release|Any CPU
		{EB58DFE6-712E-4C13-A364-F14A23BDC90D}.Release|x86.ActiveCfg = Release|Any CPU
		{EB58DFE6-712E-4C13-A364-F14A23BDC90D}.Release|x86.Build.0 = Release|Any CPU
		{8247A528-11EE-4DC0-AC44-5C20C25AD371}.Debug|Any CPU.ActiveCfg = Debug|Any CPU
		{8247A528-11EE-4DC0-AC44-5C20C25AD371}.Debug|Any CPU.Build.0 = Debug|Any CPU
		{8247A528-11EE-4DC0-AC44-5C20C25AD371}.Debug|x64.ActiveCfg = Debug|Any CPU
		{8247A528-11EE-4DC0-AC44-5C20C25AD371}.Debug|x64.Build.0 = Debug|Any CPU
		{8247A528-11EE-4DC0-AC44-5C20C25AD371}.Debug|x86.ActiveCfg = Debug|Any CPU
		{8247A528-11EE-4DC0-AC44-5C20C25AD371}.Debug|x86.Build.0 = Debug|Any CPU
		{8247A528-11EE-4DC0-AC44-5C20C25AD371}.Release|Any CPU.ActiveCfg = Release|Any CPU
		{8247A528-11EE-4DC0-AC44-5C20C25AD371}.Release|Any CPU.Build.0 = Release|Any CPU
		{8247A528-11EE-4DC0-AC44-5C20C25AD371}.Release|x64.ActiveCfg = Release|Any CPU
		{8247A528-11EE-4DC0-AC44-5C20C25AD371}.Release|x64.Build.0 = Release|Any CPU
		{8247A528-11EE-4DC0-AC44-5C20C25AD371}.Release|x86.ActiveCfg = Release|Any CPU
		{8247A528-11EE-4DC0-AC44-5C20C25AD371}.Release|x86.Build.0 = Release|Any CPU
		{E85576FB-B004-4EF1-86FC-6EAFB4609B3F}.Debug|Any CPU.ActiveCfg = Debug|Any CPU
		{E85576FB-B004-4EF1-86FC-6EAFB4609B3F}.Debug|Any CPU.Build.0 = Debug|Any CPU
		{E85576FB-B004-4EF1-86FC-6EAFB4609B3F}.Debug|x64.ActiveCfg = Debug|Any CPU
		{E85576FB-B004-4EF1-86FC-6EAFB4609B3F}.Debug|x64.Build.0 = Debug|Any CPU
		{E85576FB-B004-4EF1-86FC-6EAFB4609B3F}.Debug|x86.ActiveCfg = Debug|Any CPU
		{E85576FB-B004-4EF1-86FC-6EAFB4609B3F}.Debug|x86.Build.0 = Debug|Any CPU
		{E85576FB-B004-4EF1-86FC-6EAFB4609B3F}.Release|Any CPU.ActiveCfg = Release|Any CPU
		{E85576FB-B004-4EF1-86FC-6EAFB4609B3F}.Release|Any CPU.Build.0 = Release|Any CPU
		{E85576FB-B004-4EF1-86FC-6EAFB4609B3F}.Release|x64.ActiveCfg = Release|Any CPU
		{E85576FB-B004-4EF1-86FC-6EAFB4609B3F}.Release|x64.Build.0 = Release|Any CPU
		{E85576FB-B004-4EF1-86FC-6EAFB4609B3F}.Release|x86.ActiveCfg = Release|Any CPU
		{E85576FB-B004-4EF1-86FC-6EAFB4609B3F}.Release|x86.Build.0 = Release|Any CPU
		{660CBDD3-0CBC-4652-96C8-5A139D070965}.Debug|Any CPU.ActiveCfg = Debug|Any CPU
		{660CBDD3-0CBC-4652-96C8-5A139D070965}.Debug|Any CPU.Build.0 = Debug|Any CPU
		{660CBDD3-0CBC-4652-96C8-5A139D070965}.Debug|x64.ActiveCfg = Debug|Any CPU
		{660CBDD3-0CBC-4652-96C8-5A139D070965}.Debug|x64.Build.0 = Debug|Any CPU
		{660CBDD3-0CBC-4652-96C8-5A139D070965}.Debug|x86.ActiveCfg = Debug|Any CPU
		{660CBDD3-0CBC-4652-96C8-5A139D070965}.Debug|x86.Build.0 = Debug|Any CPU
		{660CBDD3-0CBC-4652-96C8-5A139D070965}.Release|Any CPU.ActiveCfg = Release|Any CPU
		{660CBDD3-0CBC-4652-96C8-5A139D070965}.Release|Any CPU.Build.0 = Release|Any CPU
		{660CBDD3-0CBC-4652-96C8-5A139D070965}.Release|x64.ActiveCfg = Release|Any CPU
		{660CBDD3-0CBC-4652-96C8-5A139D070965}.Release|x64.Build.0 = Release|Any CPU
		{660CBDD3-0CBC-4652-96C8-5A139D070965}.Release|x86.ActiveCfg = Release|Any CPU
		{660CBDD3-0CBC-4652-96C8-5A139D070965}.Release|x86.Build.0 = Release|Any CPU
		{41B8EE4A-BAB0-44CF-AE53-918D1CF61600}.Debug|Any CPU.ActiveCfg = Debug|Any CPU
		{41B8EE4A-BAB0-44CF-AE53-918D1CF61600}.Debug|Any CPU.Build.0 = Debug|Any CPU
		{41B8EE4A-BAB0-44CF-AE53-918D1CF61600}.Debug|x64.ActiveCfg = Debug|Any CPU
		{41B8EE4A-BAB0-44CF-AE53-918D1CF61600}.Debug|x64.Build.0 = Debug|Any CPU
		{41B8EE4A-BAB0-44CF-AE53-918D1CF61600}.Debug|x86.ActiveCfg = Debug|Any CPU
		{41B8EE4A-BAB0-44CF-AE53-918D1CF61600}.Debug|x86.Build.0 = Debug|Any CPU
		{41B8EE4A-BAB0-44CF-AE53-918D1CF61600}.Release|Any CPU.ActiveCfg = Release|Any CPU
		{41B8EE4A-BAB0-44CF-AE53-918D1CF61600}.Release|Any CPU.Build.0 = Release|Any CPU
		{41B8EE4A-BAB0-44CF-AE53-918D1CF61600}.Release|x64.ActiveCfg = Release|Any CPU
		{41B8EE4A-BAB0-44CF-AE53-918D1CF61600}.Release|x64.Build.0 = Release|Any CPU
		{41B8EE4A-BAB0-44CF-AE53-918D1CF61600}.Release|x86.ActiveCfg = Release|Any CPU
		{41B8EE4A-BAB0-44CF-AE53-918D1CF61600}.Release|x86.Build.0 = Release|Any CPU
		{F3CA977D-3D77-4F8C-BD99-0A77BBD06AA0}.Debug|Any CPU.ActiveCfg = Debug|Any CPU
		{F3CA977D-3D77-4F8C-BD99-0A77BBD06AA0}.Debug|Any CPU.Build.0 = Debug|Any CPU
		{F3CA977D-3D77-4F8C-BD99-0A77BBD06AA0}.Debug|x64.ActiveCfg = Debug|Any CPU
		{F3CA977D-3D77-4F8C-BD99-0A77BBD06AA0}.Debug|x64.Build.0 = Debug|Any CPU
		{F3CA977D-3D77-4F8C-BD99-0A77BBD06AA0}.Debug|x86.ActiveCfg = Debug|Any CPU
		{F3CA977D-3D77-4F8C-BD99-0A77BBD06AA0}.Debug|x86.Build.0 = Debug|Any CPU
		{F3CA977D-3D77-4F8C-BD99-0A77BBD06AA0}.Release|Any CPU.ActiveCfg = Release|Any CPU
		{F3CA977D-3D77-4F8C-BD99-0A77BBD06AA0}.Release|Any CPU.Build.0 = Release|Any CPU
		{F3CA977D-3D77-4F8C-BD99-0A77BBD06AA0}.Release|x64.ActiveCfg = Release|Any CPU
		{F3CA977D-3D77-4F8C-BD99-0A77BBD06AA0}.Release|x64.Build.0 = Release|Any CPU
		{F3CA977D-3D77-4F8C-BD99-0A77BBD06AA0}.Release|x86.ActiveCfg = Release|Any CPU
		{F3CA977D-3D77-4F8C-BD99-0A77BBD06AA0}.Release|x86.Build.0 = Release|Any CPU
		{CF1617DE-1177-4030-A860-82F4E8AD1193}.Debug|Any CPU.ActiveCfg = Debug|Any CPU
		{CF1617DE-1177-4030-A860-82F4E8AD1193}.Debug|Any CPU.Build.0 = Debug|Any CPU
		{CF1617DE-1177-4030-A860-82F4E8AD1193}.Debug|x64.ActiveCfg = Debug|Any CPU
		{CF1617DE-1177-4030-A860-82F4E8AD1193}.Debug|x64.Build.0 = Debug|Any CPU
		{CF1617DE-1177-4030-A860-82F4E8AD1193}.Debug|x86.ActiveCfg = Debug|Any CPU
		{CF1617DE-1177-4030-A860-82F4E8AD1193}.Debug|x86.Build.0 = Debug|Any CPU
		{CF1617DE-1177-4030-A860-82F4E8AD1193}.Release|Any CPU.ActiveCfg = Release|Any CPU
		{CF1617DE-1177-4030-A860-82F4E8AD1193}.Release|Any CPU.Build.0 = Release|Any CPU
		{CF1617DE-1177-4030-A860-82F4E8AD1193}.Release|x64.ActiveCfg = Release|Any CPU
		{CF1617DE-1177-4030-A860-82F4E8AD1193}.Release|x64.Build.0 = Release|Any CPU
		{CF1617DE-1177-4030-A860-82F4E8AD1193}.Release|x86.ActiveCfg = Release|Any CPU
		{CF1617DE-1177-4030-A860-82F4E8AD1193}.Release|x86.Build.0 = Release|Any CPU
		{8E50631C-BF3F-4D51-A08B-EF741D1D81B1}.Debug|Any CPU.ActiveCfg = Debug|Any CPU
		{8E50631C-BF3F-4D51-A08B-EF741D1D81B1}.Debug|Any CPU.Build.0 = Debug|Any CPU
		{8E50631C-BF3F-4D51-A08B-EF741D1D81B1}.Debug|x64.ActiveCfg = Debug|Any CPU
		{8E50631C-BF3F-4D51-A08B-EF741D1D81B1}.Debug|x64.Build.0 = Debug|Any CPU
		{8E50631C-BF3F-4D51-A08B-EF741D1D81B1}.Debug|x86.ActiveCfg = Debug|Any CPU
		{8E50631C-BF3F-4D51-A08B-EF741D1D81B1}.Debug|x86.Build.0 = Debug|Any CPU
		{8E50631C-BF3F-4D51-A08B-EF741D1D81B1}.Release|Any CPU.ActiveCfg = Release|Any CPU
		{8E50631C-BF3F-4D51-A08B-EF741D1D81B1}.Release|Any CPU.Build.0 = Release|Any CPU
		{8E50631C-BF3F-4D51-A08B-EF741D1D81B1}.Release|x64.ActiveCfg = Release|Any CPU
		{8E50631C-BF3F-4D51-A08B-EF741D1D81B1}.Release|x64.Build.0 = Release|Any CPU
		{8E50631C-BF3F-4D51-A08B-EF741D1D81B1}.Release|x86.ActiveCfg = Release|Any CPU
		{8E50631C-BF3F-4D51-A08B-EF741D1D81B1}.Release|x86.Build.0 = Release|Any CPU
		{A1EE18E4-2A15-4B50-B3FF-04083C22681E}.Debug|Any CPU.ActiveCfg = Debug|Any CPU
		{A1EE18E4-2A15-4B50-B3FF-04083C22681E}.Debug|Any CPU.Build.0 = Debug|Any CPU
		{A1EE18E4-2A15-4B50-B3FF-04083C22681E}.Debug|x64.ActiveCfg = Debug|Any CPU
		{A1EE18E4-2A15-4B50-B3FF-04083C22681E}.Debug|x64.Build.0 = Debug|Any CPU
		{A1EE18E4-2A15-4B50-B3FF-04083C22681E}.Debug|x86.ActiveCfg = Debug|Any CPU
		{A1EE18E4-2A15-4B50-B3FF-04083C22681E}.Debug|x86.Build.0 = Debug|Any CPU
		{A1EE18E4-2A15-4B50-B3FF-04083C22681E}.Release|Any CPU.ActiveCfg = Release|Any CPU
		{A1EE18E4-2A15-4B50-B3FF-04083C22681E}.Release|Any CPU.Build.0 = Release|Any CPU
		{A1EE18E4-2A15-4B50-B3FF-04083C22681E}.Release|x64.ActiveCfg = Release|Any CPU
		{A1EE18E4-2A15-4B50-B3FF-04083C22681E}.Release|x64.Build.0 = Release|Any CPU
		{A1EE18E4-2A15-4B50-B3FF-04083C22681E}.Release|x86.ActiveCfg = Release|Any CPU
		{A1EE18E4-2A15-4B50-B3FF-04083C22681E}.Release|x86.Build.0 = Release|Any CPU
		{BDE846CB-2B1C-43FF-AB36-F3FC952BA4B1}.Debug|Any CPU.ActiveCfg = Debug|Any CPU
		{BDE846CB-2B1C-43FF-AB36-F3FC952BA4B1}.Debug|Any CPU.Build.0 = Debug|Any CPU
		{BDE846CB-2B1C-43FF-AB36-F3FC952BA4B1}.Debug|x64.ActiveCfg = Debug|Any CPU
		{BDE846CB-2B1C-43FF-AB36-F3FC952BA4B1}.Debug|x64.Build.0 = Debug|Any CPU
		{BDE846CB-2B1C-43FF-AB36-F3FC952BA4B1}.Debug|x86.ActiveCfg = Debug|Any CPU
		{BDE846CB-2B1C-43FF-AB36-F3FC952BA4B1}.Debug|x86.Build.0 = Debug|Any CPU
		{BDE846CB-2B1C-43FF-AB36-F3FC952BA4B1}.Release|Any CPU.ActiveCfg = Release|Any CPU
		{BDE846CB-2B1C-43FF-AB36-F3FC952BA4B1}.Release|Any CPU.Build.0 = Release|Any CPU
		{BDE846CB-2B1C-43FF-AB36-F3FC952BA4B1}.Release|x64.ActiveCfg = Release|Any CPU
		{BDE846CB-2B1C-43FF-AB36-F3FC952BA4B1}.Release|x64.Build.0 = Release|Any CPU
		{BDE846CB-2B1C-43FF-AB36-F3FC952BA4B1}.Release|x86.ActiveCfg = Release|Any CPU
		{BDE846CB-2B1C-43FF-AB36-F3FC952BA4B1}.Release|x86.Build.0 = Release|Any CPU
		{F3A257BA-A9E3-41BC-B0B7-E13949BFB527}.Debug|Any CPU.ActiveCfg = Debug|Any CPU
		{F3A257BA-A9E3-41BC-B0B7-E13949BFB527}.Debug|Any CPU.Build.0 = Debug|Any CPU
		{F3A257BA-A9E3-41BC-B0B7-E13949BFB527}.Debug|x64.ActiveCfg = Debug|Any CPU
		{F3A257BA-A9E3-41BC-B0B7-E13949BFB527}.Debug|x64.Build.0 = Debug|Any CPU
		{F3A257BA-A9E3-41BC-B0B7-E13949BFB527}.Debug|x86.ActiveCfg = Debug|Any CPU
		{F3A257BA-A9E3-41BC-B0B7-E13949BFB527}.Debug|x86.Build.0 = Debug|Any CPU
		{F3A257BA-A9E3-41BC-B0B7-E13949BFB527}.Release|Any CPU.ActiveCfg = Release|Any CPU
		{F3A257BA-A9E3-41BC-B0B7-E13949BFB527}.Release|Any CPU.Build.0 = Release|Any CPU
		{F3A257BA-A9E3-41BC-B0B7-E13949BFB527}.Release|x64.ActiveCfg = Release|Any CPU
		{F3A257BA-A9E3-41BC-B0B7-E13949BFB527}.Release|x64.Build.0 = Release|Any CPU
		{F3A257BA-A9E3-41BC-B0B7-E13949BFB527}.Release|x86.ActiveCfg = Release|Any CPU
		{F3A257BA-A9E3-41BC-B0B7-E13949BFB527}.Release|x86.Build.0 = Release|Any CPU
	EndGlobalSection
	GlobalSection(SolutionProperties) = preSolution
		HideSolutionNode = FALSE
	EndGlobalSection
	GlobalSection(NestedProjects) = preSolution
		{8B3285A3-797F-4E05-B947-4EB02476FCC1} = {827E0CD3-B72D-47B6-A68D-7590B98EB39B}
		{3982199F-AA73-45B2-83DF-BBF49B68B27D} = {827E0CD3-B72D-47B6-A68D-7590B98EB39B}
		{DF2D5933-A96F-4A62-9966-21DD54F0EE80} = {827E0CD3-B72D-47B6-A68D-7590B98EB39B}
		{E46E55AC-C697-458D-BFF2-1C054C711972} = {827E0CD3-B72D-47B6-A68D-7590B98EB39B}
		{EB58DFE6-712E-4C13-A364-F14A23BDC90D} = {827E0CD3-B72D-47B6-A68D-7590B98EB39B}
		{8247A528-11EE-4DC0-AC44-5C20C25AD371} = {827E0CD3-B72D-47B6-A68D-7590B98EB39B}
		{E85576FB-B004-4EF1-86FC-6EAFB4609B3F} = {827E0CD3-B72D-47B6-A68D-7590B98EB39B}
		{660CBDD3-0CBC-4652-96C8-5A139D070965} = {827E0CD3-B72D-47B6-A68D-7590B98EB39B}
		{41B8EE4A-BAB0-44CF-AE53-918D1CF61600} = {827E0CD3-B72D-47B6-A68D-7590B98EB39B}
		{F3CA977D-3D77-4F8C-BD99-0A77BBD06AA0} = {827E0CD3-B72D-47B6-A68D-7590B98EB39B}
		{CF1617DE-1177-4030-A860-82F4E8AD1193} = {827E0CD3-B72D-47B6-A68D-7590B98EB39B}
		{8E50631C-BF3F-4D51-A08B-EF741D1D81B1} = {0AB3BF05-4346-4AA6-1389-037BE0695223}
		{A1EE18E4-2A15-4B50-B3FF-04083C22681E} = {0AB3BF05-4346-4AA6-1389-037BE0695223}
		{BDE846CB-2B1C-43FF-AB36-F3FC952BA4B1} = {0AB3BF05-4346-4AA6-1389-037BE0695223}
		{F3A257BA-A9E3-41BC-B0B7-E13949BFB527} = {0AB3BF05-4346-4AA6-1389-037BE0695223}
	EndGlobalSection
EndGlobal
